
Microsoft Visual Studio Solution File, Format Version 12.00
Project("{FAE04EC0-301F-11D3-BF4B-00C04F79EFBC}") = "Bugget", "Bugget\Bugget.csproj", "{4730D851-C78D-434C-BAF6-87DE912D8E26}"
EndProject
Project("{FAE04EC0-301F-11D3-BF4B-00C04F79EFBC}") = "Bugget.BO", "Bugget.BO\Bugget.BO.csproj", "{23B9087A-030C-496D-993F-6081F1BC6DA7}"
EndProject
Project("{FAE04EC0-301F-11D3-BF4B-00C04F79EFBC}") = "Bugget.DA", "Bugget.DA\Bugget.DA.csproj", "{4D693C1D-8449-4E34-8D30-49676AF8B09E}"
EndProject
Project("{FAE04EC0-301F-11D3-BF4B-00C04F79EFBC}") = "Bugget.Entities", "Bugget.Entities\Bugget.Entities.csproj", "{A03A0B5B-E38E-4F58-8440-D906B981F6F4}"
EndProject
Project("{FAE04EC0-301F-11D3-BF4B-00C04F79EFBC}") = "Bugget.ExternalClients", "Bugget.ExternalClients\Bugget.ExternalClients.csproj", "{76714590-ABDD-4BDE-95FC-B1B867BC36F1}"
EndProject
Project("{FAE04EC0-301F-11D3-BF4B-00C04F79EFBC}") = "Monade", "Monade\Monade.csproj", "{F3EF44BD-23C8-40D0-8FDE-A8C813AFCE7A}"
EndProject
Project("{FAE04EC0-301F-11D3-BF4B-00C04F79EFBC}") = "TaskQueue", "TaskQueue\TaskQueue.csproj", "{3C23A550-82CF-405A-A7AB-5BB8F385152A}"
EndProject
Project("{FAE04EC0-301F-11D3-BF4B-00C04F79EFBC}") = "Bugget.Tests", "Bugget.Tests\Bugget.Tests.csproj", "{000EDE96-2F2F-4541-8E81-27160711BEEE}"
EndProject
Project("{FAE04EC0-301F-11D3-BF4B-00C04F79EFBC}") = "Bugget.DbUp", "Bugget.DbUp\Bugget.DbUp.csproj", "{856E3C7E-FB63-4298-A2F8-478DE9193ED1}"
EndProject
Project("{FAE04EC0-301F-11D3-BF4B-00C04F79EFBC}") = "Bugget.IntegrationTests", "Bugget.IntegrationTests\Bugget.IntegrationTests.csproj", "{B8F9E4C2-1A7D-4E3F-9B2C-8D5E6F7A8B9C}"
EndProject
Project("{FAE04EC0-301F-11D3-BF4B-00C04F79EFBC}") = "Bugget.Analytics.Contracts", "Bugget.Analytics.Contracts\Bugget.Analytics.Contracts.csproj", "{47E759B6-5F42-48D0-8819-05A3DD54B355}"
EndProject
Project("{FAE04EC0-301F-11D3-BF4B-00C04F79EFBC}") = "Bugget.Reports.Contracts", "Bugget.Reports.Contracts\Bugget.Reports.Contracts.csproj", "{526E3300-BE35-4275-B882-88EC59A5F5DC}"
EndProject
Project("{FAE04EC0-301F-11D3-BF4B-00C04F79EFBC}") = "Users.Api", "Users.Api\Users.Api.csproj", "{C23EA906-7921-4518-8C43-41961F783B4A}"
EndProject
Project("{FAE04EC0-301F-11D3-BF4B-00C04F79EFBC}") = "Users.BO", "Users.BO\Users.BO.csproj", "{4E350EAD-ACEF-4CA4-A0CF-B1BF63F2CA75}"
EndProject
Project("{FAE04EC0-301F-11D3-BF4B-00C04F79EFBC}") = "Flow", "Flow\Flow.csproj", "{DEC488A6-C935-4567-BDCE-D8A8D884A3CD}"
EndProject
Project("{FAE04EC0-301F-11D3-BF4B-00C04F79EFBC}") = "Users.DA", "Users.DA\Users.DA.csproj", "{1D8592F0-339E-4BB1-A941-103D6191A009}"
EndProject
Project("{FAE04EC0-301F-11D3-BF4B-00C04F79EFBC}") = "Users.Entities", "Users.Entities\Users.Entities.csproj", "{52EB2399-B657-410F-B57E-4382EF51273B}"
EndProject
Project("{FAE04EC0-301F-11D3-BF4B-00C04F79EFBC}") = "Authentication", "Authentication\Authentication.csproj", "{85063617-3FD0-48D4-A9D5-89B8EBA25A42}"
EndProject
Project("{FAE04EC0-301F-11D3-BF4B-00C04F79EFBC}") = "Users.DbUp", "Users.DbUp\Users.DbUp.csproj", "{9851BE2F-30DF-43CB-975E-D1F2F493B184}"
EndProject
Project("{FAE04EC0-301F-11D3-BF4B-00C04F79EFBC}") = "BugReport.Logging", "BugReport.Logging\BugReport.Logging.csproj", "{A433B485-7821-479D-AD24-6FDC7F417C53}"
EndProject
Project("{FAE04EC0-301F-11D3-BF4B-00C04F79EFBC}") = "MattermostOAuth", "MattermostOAuth\MattermostOAuth.csproj", "{1B676625-0C2E-477E-B901-9CEC4B31F270}"
EndProject
Project("{FAE04EC0-301F-11D3-BF4B-00C04F79EFBC}") = "Users.UnitTests", "Users.UnitTests\Users.UnitTests.csproj", "{59D2614F-3AA9-4720-9398-AB00530FC3FD}"
EndProject
Project("{FAE04EC0-301F-11D3-BF4B-00C04F79EFBC}") = "Users.IntegrationTests", "Users.IntegrationTests\Users.IntegrationTests.csproj", "{56AB65BD-8272-4736-AF68-57F5936DEA02}"
EndProject
Project("{FAE04EC0-301F-11D3-BF4B-00C04F79EFBC}") = "Authorization.Api", "Authorization.Api\Authorization.Api.csproj", "{19186D69-B237-4FB3-9795-97B2B6E53EF2}"
EndProject
Project("{FAE04EC0-301F-11D3-BF4B-00C04F79EFBC}") = "OidcAuth", "OidcAuth\OidcAuth.csproj", "{34EEA758-EF6F-491B-9A79-2D362FC99DEA}"
EndProject
Project("{FAE04EC0-301F-11D3-BF4B-00C04F79EFBC}") = "Authorization.Abstractions", "Authorization.Abstractions\Authorization.Abstractions.csproj", "{08E6727A-21E2-4FAA-BAC7-0656842B4D4D}"
EndProject
Project("{FAE04EC0-301F-11D3-BF4B-00C04F79EFBC}") = "FakeAuth", "FakeAuth\FakeAuth.csproj", "{2F398481-5CE3-4D0E-9254-CF58308A8B0C}"
EndProject
Project("{FAE04EC0-301F-11D3-BF4B-00C04F79EFBC}") = "Caching.Local", "Caching.Local\Caching.Local.csproj", "{20372F96-246A-4258-B331-9EBAD101BAD5}"
EndProject
Project("{FAE04EC0-301F-11D3-BF4B-00C04F79EFBC}") = "Authorization.Tests", "Authorization.Tests\Authorization.Tests.csproj", "{E3A33A61-5213-48DC-9CB4-EB09C3FD1603}"
EndProject
Project("{FAE04EC0-301F-11D3-BF4B-00C04F79EFBC}") = "Authorization.IntegrationTests", "Authorization.IntegrationTests\Authorization.IntegrationTests.csproj", "{C177B487-0878-400D-886E-6D63244A74BA}"
EndProject
Global
	GlobalSection(SolutionConfigurationPlatforms) = preSolution
		Debug|Any CPU = Debug|Any CPU
		Debug|x64 = Debug|x64
		Debug|x86 = Debug|x86
		Release|Any CPU = Release|Any CPU
		Release|x64 = Release|x64
		Release|x86 = Release|x86
	EndGlobalSection
	GlobalSection(ProjectConfigurationPlatforms) = postSolution
		{4730D851-C78D-434C-BAF6-87DE912D8E26}.Debug|Any CPU.ActiveCfg = Debug|Any CPU
		{4730D851-C78D-434C-BAF6-87DE912D8E26}.Debug|Any CPU.Build.0 = Debug|Any CPU
		{4730D851-C78D-434C-BAF6-87DE912D8E26}.Debug|x64.ActiveCfg = Debug|Any CPU
		{4730D851-C78D-434C-BAF6-87DE912D8E26}.Debug|x64.Build.0 = Debug|Any CPU
		{4730D851-C78D-434C-BAF6-87DE912D8E26}.Debug|x86.ActiveCfg = Debug|Any CPU
		{4730D851-C78D-434C-BAF6-87DE912D8E26}.Debug|x86.Build.0 = Debug|Any CPU
		{4730D851-C78D-434C-BAF6-87DE912D8E26}.Release|Any CPU.ActiveCfg = Release|Any CPU
		{4730D851-C78D-434C-BAF6-87DE912D8E26}.Release|Any CPU.Build.0 = Release|Any CPU
		{4730D851-C78D-434C-BAF6-87DE912D8E26}.Release|x64.ActiveCfg = Release|Any CPU
		{4730D851-C78D-434C-BAF6-87DE912D8E26}.Release|x64.Build.0 = Release|Any CPU
		{4730D851-C78D-434C-BAF6-87DE912D8E26}.Release|x86.ActiveCfg = Release|Any CPU
		{4730D851-C78D-434C-BAF6-87DE912D8E26}.Release|x86.Build.0 = Release|Any CPU
		{23B9087A-030C-496D-993F-6081F1BC6DA7}.Debug|Any CPU.ActiveCfg = Debug|Any CPU
		{23B9087A-030C-496D-993F-6081F1BC6DA7}.Debug|Any CPU.Build.0 = Debug|Any CPU
		{23B9087A-030C-496D-993F-6081F1BC6DA7}.Debug|x64.ActiveCfg = Debug|Any CPU
		{23B9087A-030C-496D-993F-6081F1BC6DA7}.Debug|x64.Build.0 = Debug|Any CPU
		{23B9087A-030C-496D-993F-6081F1BC6DA7}.Debug|x86.ActiveCfg = Debug|Any CPU
		{23B9087A-030C-496D-993F-6081F1BC6DA7}.Debug|x86.Build.0 = Debug|Any CPU
		{23B9087A-030C-496D-993F-6081F1BC6DA7}.Release|Any CPU.ActiveCfg = Release|Any CPU
		{23B9087A-030C-496D-993F-6081F1BC6DA7}.Release|Any CPU.Build.0 = Release|Any CPU
		{23B9087A-030C-496D-993F-6081F1BC6DA7}.Release|x64.ActiveCfg = Release|Any CPU
		{23B9087A-030C-496D-993F-6081F1BC6DA7}.Release|x64.Build.0 = Release|Any CPU
		{23B9087A-030C-496D-993F-6081F1BC6DA7}.Release|x86.ActiveCfg = Release|Any CPU
		{23B9087A-030C-496D-993F-6081F1BC6DA7}.Release|x86.Build.0 = Release|Any CPU
		{4D693C1D-8449-4E34-8D30-49676AF8B09E}.Debug|Any CPU.ActiveCfg = Debug|Any CPU
		{4D693C1D-8449-4E34-8D30-49676AF8B09E}.Debug|Any CPU.Build.0 = Debug|Any CPU
		{4D693C1D-8449-4E34-8D30-49676AF8B09E}.Debug|x64.ActiveCfg = Debug|Any CPU
		{4D693C1D-8449-4E34-8D30-49676AF8B09E}.Debug|x64.Build.0 = Debug|Any CPU
		{4D693C1D-8449-4E34-8D30-49676AF8B09E}.Debug|x86.ActiveCfg = Debug|Any CPU
		{4D693C1D-8449-4E34-8D30-49676AF8B09E}.Debug|x86.Build.0 = Debug|Any CPU
		{4D693C1D-8449-4E34-8D30-49676AF8B09E}.Release|Any CPU.ActiveCfg = Release|Any CPU
		{4D693C1D-8449-4E34-8D30-49676AF8B09E}.Release|Any CPU.Build.0 = Release|Any CPU
		{4D693C1D-8449-4E34-8D30-49676AF8B09E}.Release|x64.ActiveCfg = Release|Any CPU
		{4D693C1D-8449-4E34-8D30-49676AF8B09E}.Release|x64.Build.0 = Release|Any CPU
		{4D693C1D-8449-4E34-8D30-49676AF8B09E}.Release|x86.ActiveCfg = Release|Any CPU
		{4D693C1D-8449-4E34-8D30-49676AF8B09E}.Release|x86.Build.0 = Release|Any CPU
		{A03A0B5B-E38E-4F58-8440-D906B981F6F4}.Debug|Any CPU.ActiveCfg = Debug|Any CPU
		{A03A0B5B-E38E-4F58-8440-D906B981F6F4}.Debug|Any CPU.Build.0 = Debug|Any CPU
		{A03A0B5B-E38E-4F58-8440-D906B981F6F4}.Debug|x64.ActiveCfg = Debug|Any CPU
		{A03A0B5B-E38E-4F58-8440-D906B981F6F4}.Debug|x64.Build.0 = Debug|Any CPU
		{A03A0B5B-E38E-4F58-8440-D906B981F6F4}.Debug|x86.ActiveCfg = Debug|Any CPU
		{A03A0B5B-E38E-4F58-8440-D906B981F6F4}.Debug|x86.Build.0 = Debug|Any CPU
		{A03A0B5B-E38E-4F58-8440-D906B981F6F4}.Release|Any CPU.ActiveCfg = Release|Any CPU
		{A03A0B5B-E38E-4F58-8440-D906B981F6F4}.Release|Any CPU.Build.0 = Release|Any CPU
		{A03A0B5B-E38E-4F58-8440-D906B981F6F4}.Release|x64.ActiveCfg = Release|Any CPU
		{A03A0B5B-E38E-4F58-8440-D906B981F6F4}.Release|x64.Build.0 = Release|Any CPU
		{A03A0B5B-E38E-4F58-8440-D906B981F6F4}.Release|x86.ActiveCfg = Release|Any CPU
		{A03A0B5B-E38E-4F58-8440-D906B981F6F4}.Release|x86.Build.0 = Release|Any CPU
		{76714590-ABDD-4BDE-95FC-B1B867BC36F1}.Debug|Any CPU.ActiveCfg = Debug|Any CPU
		{76714590-ABDD-4BDE-95FC-B1B867BC36F1}.Debug|Any CPU.Build.0 = Debug|Any CPU
		{76714590-ABDD-4BDE-95FC-B1B867BC36F1}.Debug|x64.ActiveCfg = Debug|Any CPU
		{76714590-ABDD-4BDE-95FC-B1B867BC36F1}.Debug|x64.Build.0 = Debug|Any CPU
		{76714590-ABDD-4BDE-95FC-B1B867BC36F1}.Debug|x86.ActiveCfg = Debug|Any CPU
		{76714590-ABDD-4BDE-95FC-B1B867BC36F1}.Debug|x86.Build.0 = Debug|Any CPU
		{76714590-ABDD-4BDE-95FC-B1B867BC36F1}.Release|Any CPU.ActiveCfg = Release|Any CPU
		{76714590-ABDD-4BDE-95FC-B1B867BC36F1}.Release|Any CPU.Build.0 = Release|Any CPU
		{76714590-ABDD-4BDE-95FC-B1B867BC36F1}.Release|x64.ActiveCfg = Release|Any CPU
		{76714590-ABDD-4BDE-95FC-B1B867BC36F1}.Release|x64.Build.0 = Release|Any CPU
		{76714590-ABDD-4BDE-95FC-B1B867BC36F1}.Release|x86.ActiveCfg = Release|Any CPU
		{76714590-ABDD-4BDE-95FC-B1B867BC36F1}.Release|x86.Build.0 = Release|Any CPU
		{F3EF44BD-23C8-40D0-8FDE-A8C813AFCE7A}.Debug|Any CPU.ActiveCfg = Debug|Any CPU
		{F3EF44BD-23C8-40D0-8FDE-A8C813AFCE7A}.Debug|Any CPU.Build.0 = Debug|Any CPU
		{F3EF44BD-23C8-40D0-8FDE-A8C813AFCE7A}.Debug|x64.ActiveCfg = Debug|Any CPU
		{F3EF44BD-23C8-40D0-8FDE-A8C813AFCE7A}.Debug|x64.Build.0 = Debug|Any CPU
		{F3EF44BD-23C8-40D0-8FDE-A8C813AFCE7A}.Debug|x86.ActiveCfg = Debug|Any CPU
		{F3EF44BD-23C8-40D0-8FDE-A8C813AFCE7A}.Debug|x86.Build.0 = Debug|Any CPU
		{F3EF44BD-23C8-40D0-8FDE-A8C813AFCE7A}.Release|Any CPU.ActiveCfg = Release|Any CPU
		{F3EF44BD-23C8-40D0-8FDE-A8C813AFCE7A}.Release|Any CPU.Build.0 = Release|Any CPU
		{F3EF44BD-23C8-40D0-8FDE-A8C813AFCE7A}.Release|x64.ActiveCfg = Release|Any CPU
		{F3EF44BD-23C8-40D0-8FDE-A8C813AFCE7A}.Release|x64.Build.0 = Release|Any CPU
		{F3EF44BD-23C8-40D0-8FDE-A8C813AFCE7A}.Release|x86.ActiveCfg = Release|Any CPU
		{F3EF44BD-23C8-40D0-8FDE-A8C813AFCE7A}.Release|x86.Build.0 = Release|Any CPU
		{3C23A550-82CF-405A-A7AB-5BB8F385152A}.Debug|Any CPU.ActiveCfg = Debug|Any CPU
		{3C23A550-82CF-405A-A7AB-5BB8F385152A}.Debug|Any CPU.Build.0 = Debug|Any CPU
		{3C23A550-82CF-405A-A7AB-5BB8F385152A}.Debug|x64.ActiveCfg = Debug|Any CPU
		{3C23A550-82CF-405A-A7AB-5BB8F385152A}.Debug|x64.Build.0 = Debug|Any CPU
		{3C23A550-82CF-405A-A7AB-5BB8F385152A}.Debug|x86.ActiveCfg = Debug|Any CPU
		{3C23A550-82CF-405A-A7AB-5BB8F385152A}.Debug|x86.Build.0 = Debug|Any CPU
		{3C23A550-82CF-405A-A7AB-5BB8F385152A}.Release|Any CPU.ActiveCfg = Release|Any CPU
		{3C23A550-82CF-405A-A7AB-5BB8F385152A}.Release|Any CPU.Build.0 = Release|Any CPU
		{3C23A550-82CF-405A-A7AB-5BB8F385152A}.Release|x64.ActiveCfg = Release|Any CPU
		{3C23A550-82CF-405A-A7AB-5BB8F385152A}.Release|x64.Build.0 = Release|Any CPU
		{3C23A550-82CF-405A-A7AB-5BB8F385152A}.Release|x86.ActiveCfg = Release|Any CPU
		{3C23A550-82CF-405A-A7AB-5BB8F385152A}.Release|x86.Build.0 = Release|Any CPU
		{000EDE96-2F2F-4541-8E81-27160711BEEE}.Debug|Any CPU.ActiveCfg = Debug|Any CPU
		{000EDE96-2F2F-4541-8E81-27160711BEEE}.Debug|Any CPU.Build.0 = Debug|Any CPU
		{000EDE96-2F2F-4541-8E81-27160711BEEE}.Debug|x64.ActiveCfg = Debug|Any CPU
		{000EDE96-2F2F-4541-8E81-27160711BEEE}.Debug|x64.Build.0 = Debug|Any CPU
		{000EDE96-2F2F-4541-8E81-27160711BEEE}.Debug|x86.ActiveCfg = Debug|Any CPU
		{000EDE96-2F2F-4541-8E81-27160711BEEE}.Debug|x86.Build.0 = Debug|Any CPU
		{000EDE96-2F2F-4541-8E81-27160711BEEE}.Release|Any CPU.ActiveCfg = Release|Any CPU
		{000EDE96-2F2F-4541-8E81-27160711BEEE}.Release|Any CPU.Build.0 = Release|Any CPU
		{000EDE96-2F2F-4541-8E81-27160711BEEE}.Release|x64.ActiveCfg = Release|Any CPU
		{000EDE96-2F2F-4541-8E81-27160711BEEE}.Release|x64.Build.0 = Release|Any CPU
		{000EDE96-2F2F-4541-8E81-27160711BEEE}.Release|x86.ActiveCfg = Release|Any CPU
		{000EDE96-2F2F-4541-8E81-27160711BEEE}.Release|x86.Build.0 = Release|Any CPU
		{856E3C7E-FB63-4298-A2F8-478DE9193ED1}.Debug|Any CPU.ActiveCfg = Debug|Any CPU
		{856E3C7E-FB63-4298-A2F8-478DE9193ED1}.Debug|Any CPU.Build.0 = Debug|Any CPU
		{856E3C7E-FB63-4298-A2F8-478DE9193ED1}.Debug|x64.ActiveCfg = Debug|Any CPU
		{856E3C7E-FB63-4298-A2F8-478DE9193ED1}.Debug|x64.Build.0 = Debug|Any CPU
		{856E3C7E-FB63-4298-A2F8-478DE9193ED1}.Debug|x86.ActiveCfg = Debug|Any CPU
		{856E3C7E-FB63-4298-A2F8-478DE9193ED1}.Debug|x86.Build.0 = Debug|Any CPU
		{856E3C7E-FB63-4298-A2F8-478DE9193ED1}.Release|Any CPU.ActiveCfg = Release|Any CPU
		{856E3C7E-FB63-4298-A2F8-478DE9193ED1}.Release|Any CPU.Build.0 = Release|Any CPU
		{856E3C7E-FB63-4298-A2F8-478DE9193ED1}.Release|x64.ActiveCfg = Release|Any CPU
		{856E3C7E-FB63-4298-A2F8-478DE9193ED1}.Release|x64.Build.0 = Release|Any CPU
		{856E3C7E-FB63-4298-A2F8-478DE9193ED1}.Release|x86.ActiveCfg = Release|Any CPU
		{856E3C7E-FB63-4298-A2F8-478DE9193ED1}.Release|x86.Build.0 = Release|Any CPU
		{B8F9E4C2-1A7D-4E3F-9B2C-8D5E6F7A8B9C}.Debug|Any CPU.ActiveCfg = Debug|Any CPU
		{B8F9E4C2-1A7D-4E3F-9B2C-8D5E6F7A8B9C}.Debug|Any CPU.Build.0 = Debug|Any CPU
		{B8F9E4C2-1A7D-4E3F-9B2C-8D5E6F7A8B9C}.Debug|x64.ActiveCfg = Debug|Any CPU
		{B8F9E4C2-1A7D-4E3F-9B2C-8D5E6F7A8B9C}.Debug|x64.Build.0 = Debug|Any CPU
		{B8F9E4C2-1A7D-4E3F-9B2C-8D5E6F7A8B9C}.Debug|x86.ActiveCfg = Debug|Any CPU
		{B8F9E4C2-1A7D-4E3F-9B2C-8D5E6F7A8B9C}.Debug|x86.Build.0 = Debug|Any CPU
		{B8F9E4C2-1A7D-4E3F-9B2C-8D5E6F7A8B9C}.Release|Any CPU.ActiveCfg = Release|Any CPU
		{B8F9E4C2-1A7D-4E3F-9B2C-8D5E6F7A8B9C}.Release|Any CPU.Build.0 = Release|Any CPU
		{B8F9E4C2-1A7D-4E3F-9B2C-8D5E6F7A8B9C}.Release|x64.ActiveCfg = Release|Any CPU
		{B8F9E4C2-1A7D-4E3F-9B2C-8D5E6F7A8B9C}.Release|x64.Build.0 = Release|Any CPU
		{B8F9E4C2-1A7D-4E3F-9B2C-8D5E6F7A8B9C}.Release|x86.ActiveCfg = Release|Any CPU
		{B8F9E4C2-1A7D-4E3F-9B2C-8D5E6F7A8B9C}.Release|x86.Build.0 = Release|Any CPU
		{47E759B6-5F42-48D0-8819-05A3DD54B355}.Debug|Any CPU.ActiveCfg = Debug|Any CPU
		{47E759B6-5F42-48D0-8819-05A3DD54B355}.Debug|Any CPU.Build.0 = Debug|Any CPU
		{47E759B6-5F42-48D0-8819-05A3DD54B355}.Debug|x64.ActiveCfg = Debug|Any CPU
		{47E759B6-5F42-48D0-8819-05A3DD54B355}.Debug|x64.Build.0 = Debug|Any CPU
		{47E759B6-5F42-48D0-8819-05A3DD54B355}.Debug|x86.ActiveCfg = Debug|Any CPU
		{47E759B6-5F42-48D0-8819-05A3DD54B355}.Debug|x86.Build.0 = Debug|Any CPU
		{47E759B6-5F42-48D0-8819-05A3DD54B355}.Release|Any CPU.ActiveCfg = Release|Any CPU
		{47E759B6-5F42-48D0-8819-05A3DD54B355}.Release|Any CPU.Build.0 = Release|Any CPU
		{47E759B6-5F42-48D0-8819-05A3DD54B355}.Release|x64.ActiveCfg = Release|Any CPU
		{47E759B6-5F42-48D0-8819-05A3DD54B355}.Release|x64.Build.0 = Release|Any CPU
		{47E759B6-5F42-48D0-8819-05A3DD54B355}.Release|x86.ActiveCfg = Release|Any CPU
		{47E759B6-5F42-48D0-8819-05A3DD54B355}.Release|x86.Build.0 = Release|Any CPU
		{526E3300-BE35-4275-B882-88EC59A5F5DC}.Debug|Any CPU.ActiveCfg = Debug|Any CPU
		{526E3300-BE35-4275-B882-88EC59A5F5DC}.Debug|Any CPU.Build.0 = Debug|Any CPU
		{526E3300-BE35-4275-B882-88EC59A5F5DC}.Debug|x64.ActiveCfg = Debug|Any CPU
		{526E3300-BE35-4275-B882-88EC59A5F5DC}.Debug|x64.Build.0 = Debug|Any CPU
		{526E3300-BE35-4275-B882-88EC59A5F5DC}.Debug|x86.ActiveCfg = Debug|Any CPU
		{526E3300-BE35-4275-B882-88EC59A5F5DC}.Debug|x86.Build.0 = Debug|Any CPU
		{526E3300-BE35-4275-B882-88EC59A5F5DC}.Release|Any CPU.ActiveCfg = Release|Any CPU
		{526E3300-BE35-4275-B882-88EC59A5F5DC}.Release|Any CPU.Build.0 = Release|Any CPU
		{526E3300-BE35-4275-B882-88EC59A5F5DC}.Release|x64.ActiveCfg = Release|Any CPU
		{526E3300-BE35-4275-B882-88EC59A5F5DC}.Release|x64.Build.0 = Release|Any CPU
		{526E3300-BE35-4275-B882-88EC59A5F5DC}.Release|x86.ActiveCfg = Release|Any CPU
		{526E3300-BE35-4275-B882-88EC59A5F5DC}.Release|x86.Build.0 = Release|Any CPU
		{C23EA906-7921-4518-8C43-41961F783B4A}.Debug|Any CPU.ActiveCfg = Debug|Any CPU
		{C23EA906-7921-4518-8C43-41961F783B4A}.Debug|Any CPU.Build.0 = Debug|Any CPU
		{C23EA906-7921-4518-8C43-41961F783B4A}.Debug|x64.ActiveCfg = Debug|Any CPU
		{C23EA906-7921-4518-8C43-41961F783B4A}.Debug|x64.Build.0 = Debug|Any CPU
		{C23EA906-7921-4518-8C43-41961F783B4A}.Debug|x86.ActiveCfg = Debug|Any CPU
		{C23EA906-7921-4518-8C43-41961F783B4A}.Debug|x86.Build.0 = Debug|Any CPU
		{C23EA906-7921-4518-8C43-41961F783B4A}.Release|Any CPU.ActiveCfg = Release|Any CPU
		{C23EA906-7921-4518-8C43-41961F783B4A}.Release|Any CPU.Build.0 = Release|Any CPU
		{C23EA906-7921-4518-8C43-41961F783B4A}.Release|x64.ActiveCfg = Release|Any CPU
		{C23EA906-7921-4518-8C43-41961F783B4A}.Release|x64.Build.0 = Release|Any CPU
		{C23EA906-7921-4518-8C43-41961F783B4A}.Release|x86.ActiveCfg = Release|Any CPU
		{C23EA906-7921-4518-8C43-41961F783B4A}.Release|x86.Build.0 = Release|Any CPU
		{4E350EAD-ACEF-4CA4-A0CF-B1BF63F2CA75}.Debug|Any CPU.ActiveCfg = Debug|Any CPU
		{4E350EAD-ACEF-4CA4-A0CF-B1BF63F2CA75}.Debug|Any CPU.Build.0 = Debug|Any CPU
		{4E350EAD-ACEF-4CA4-A0CF-B1BF63F2CA75}.Debug|x64.ActiveCfg = Debug|Any CPU
		{4E350EAD-ACEF-4CA4-A0CF-B1BF63F2CA75}.Debug|x64.Build.0 = Debug|Any CPU
		{4E350EAD-ACEF-4CA4-A0CF-B1BF63F2CA75}.Debug|x86.ActiveCfg = Debug|Any CPU
		{4E350EAD-ACEF-4CA4-A0CF-B1BF63F2CA75}.Debug|x86.Build.0 = Debug|Any CPU
		{4E350EAD-ACEF-4CA4-A0CF-B1BF63F2CA75}.Release|Any CPU.ActiveCfg = Release|Any CPU
		{4E350EAD-ACEF-4CA4-A0CF-B1BF63F2CA75}.Release|Any CPU.Build.0 = Release|Any CPU
		{4E350EAD-ACEF-4CA4-A0CF-B1BF63F2CA75}.Release|x64.ActiveCfg = Release|Any CPU
		{4E350EAD-ACEF-4CA4-A0CF-B1BF63F2CA75}.Release|x64.Build.0 = Release|Any CPU
		{4E350EAD-ACEF-4CA4-A0CF-B1BF63F2CA75}.Release|x86.ActiveCfg = Release|Any CPU
		{4E350EAD-ACEF-4CA4-A0CF-B1BF63F2CA75}.Release|x86.Build.0 = Release|Any CPU
		{DEC488A6-C935-4567-BDCE-D8A8D884A3CD}.Debug|Any CPU.ActiveCfg = Debug|Any CPU
		{DEC488A6-C935-4567-BDCE-D8A8D884A3CD}.Debug|Any CPU.Build.0 = Debug|Any CPU
		{DEC488A6-C935-4567-BDCE-D8A8D884A3CD}.Debug|x64.ActiveCfg = Debug|Any CPU
		{DEC488A6-C935-4567-BDCE-D8A8D884A3CD}.Debug|x64.Build.0 = Debug|Any CPU
		{DEC488A6-C935-4567-BDCE-D8A8D884A3CD}.Debug|x86.ActiveCfg = Debug|Any CPU
		{DEC488A6-C935-4567-BDCE-D8A8D884A3CD}.Debug|x86.Build.0 = Debug|Any CPU
		{DEC488A6-C935-4567-BDCE-D8A8D884A3CD}.Release|Any CPU.ActiveCfg = Release|Any CPU
		{DEC488A6-C935-4567-BDCE-D8A8D884A3CD}.Release|Any CPU.Build.0 = Release|Any CPU
		{DEC488A6-C935-4567-BDCE-D8A8D884A3CD}.Release|x64.ActiveCfg = Release|Any CPU
		{DEC488A6-C935-4567-BDCE-D8A8D884A3CD}.Release|x64.Build.0 = Release|Any CPU
		{DEC488A6-C935-4567-BDCE-D8A8D884A3CD}.Release|x86.ActiveCfg = Release|Any CPU
		{DEC488A6-C935-4567-BDCE-D8A8D884A3CD}.Release|x86.Build.0 = Release|Any CPU
		{1D8592F0-339E-4BB1-A941-103D6191A009}.Debug|Any CPU.ActiveCfg = Debug|Any CPU
		{1D8592F0-339E-4BB1-A941-103D6191A009}.Debug|Any CPU.Build.0 = Debug|Any CPU
		{1D8592F0-339E-4BB1-A941-103D6191A009}.Debug|x64.ActiveCfg = Debug|Any CPU
		{1D8592F0-339E-4BB1-A941-103D6191A009}.Debug|x64.Build.0 = Debug|Any CPU
		{1D8592F0-339E-4BB1-A941-103D6191A009}.Debug|x86.ActiveCfg = Debug|Any CPU
		{1D8592F0-339E-4BB1-A941-103D6191A009}.Debug|x86.Build.0 = Debug|Any CPU
		{1D8592F0-339E-4BB1-A941-103D6191A009}.Release|Any CPU.ActiveCfg = Release|Any CPU
		{1D8592F0-339E-4BB1-A941-103D6191A009}.Release|Any CPU.Build.0 = Release|Any CPU
		{1D8592F0-339E-4BB1-A941-103D6191A009}.Release|x64.ActiveCfg = Release|Any CPU
		{1D8592F0-339E-4BB1-A941-103D6191A009}.Release|x64.Build.0 = Release|Any CPU
		{1D8592F0-339E-4BB1-A941-103D6191A009}.Release|x86.ActiveCfg = Release|Any CPU
		{1D8592F0-339E-4BB1-A941-103D6191A009}.Release|x86.Build.0 = Release|Any CPU
		{52EB2399-B657-410F-B57E-4382EF51273B}.Debug|Any CPU.ActiveCfg = Debug|Any CPU
		{52EB2399-B657-410F-B57E-4382EF51273B}.Debug|Any CPU.Build.0 = Debug|Any CPU
		{52EB2399-B657-410F-B57E-4382EF51273B}.Debug|x64.ActiveCfg = Debug|Any CPU
		{52EB2399-B657-410F-B57E-4382EF51273B}.Debug|x64.Build.0 = Debug|Any CPU
		{52EB2399-B657-410F-B57E-4382EF51273B}.Debug|x86.ActiveCfg = Debug|Any CPU
		{52EB2399-B657-410F-B57E-4382EF51273B}.Debug|x86.Build.0 = Debug|Any CPU
		{52EB2399-B657-410F-B57E-4382EF51273B}.Release|Any CPU.ActiveCfg = Release|Any CPU
		{52EB2399-B657-410F-B57E-4382EF51273B}.Release|Any CPU.Build.0 = Release|Any CPU
		{52EB2399-B657-410F-B57E-4382EF51273B}.Release|x64.ActiveCfg = Release|Any CPU
		{52EB2399-B657-410F-B57E-4382EF51273B}.Release|x64.Build.0 = Release|Any CPU
		{52EB2399-B657-410F-B57E-4382EF51273B}.Release|x86.ActiveCfg = Release|Any CPU
		{52EB2399-B657-410F-B57E-4382EF51273B}.Release|x86.Build.0 = Release|Any CPU
		{85063617-3FD0-48D4-A9D5-89B8EBA25A42}.Debug|Any CPU.ActiveCfg = Debug|Any CPU
		{85063617-3FD0-48D4-A9D5-89B8EBA25A42}.Debug|Any CPU.Build.0 = Debug|Any CPU
		{85063617-3FD0-48D4-A9D5-89B8EBA25A42}.Debug|x64.ActiveCfg = Debug|Any CPU
		{85063617-3FD0-48D4-A9D5-89B8EBA25A42}.Debug|x64.Build.0 = Debug|Any CPU
		{85063617-3FD0-48D4-A9D5-89B8EBA25A42}.Debug|x86.ActiveCfg = Debug|Any CPU
		{85063617-3FD0-48D4-A9D5-89B8EBA25A42}.Debug|x86.Build.0 = Debug|Any CPU
		{85063617-3FD0-48D4-A9D5-89B8EBA25A42}.Release|Any CPU.ActiveCfg = Release|Any CPU
		{85063617-3FD0-48D4-A9D5-89B8EBA25A42}.Release|Any CPU.Build.0 = Release|Any CPU
		{85063617-3FD0-48D4-A9D5-89B8EBA25A42}.Release|x64.ActiveCfg = Release|Any CPU
		{85063617-3FD0-48D4-A9D5-89B8EBA25A42}.Release|x64.Build.0 = Release|Any CPU
		{85063617-3FD0-48D4-A9D5-89B8EBA25A42}.Release|x86.ActiveCfg = Release|Any CPU
		{85063617-3FD0-48D4-A9D5-89B8EBA25A42}.Release|x86.Build.0 = Release|Any CPU
		{9851BE2F-30DF-43CB-975E-D1F2F493B184}.Debug|Any CPU.ActiveCfg = Debug|Any CPU
		{9851BE2F-30DF-43CB-975E-D1F2F493B184}.Debug|Any CPU.Build.0 = Debug|Any CPU
		{9851BE2F-30DF-43CB-975E-D1F2F493B184}.Debug|x64.ActiveCfg = Debug|Any CPU
		{9851BE2F-30DF-43CB-975E-D1F2F493B184}.Debug|x64.Build.0 = Debug|Any CPU
		{9851BE2F-30DF-43CB-975E-D1F2F493B184}.Debug|x86.ActiveCfg = Debug|Any CPU
		{9851BE2F-30DF-43CB-975E-D1F2F493B184}.Debug|x86.Build.0 = Debug|Any CPU
		{9851BE2F-30DF-43CB-975E-D1F2F493B184}.Release|Any CPU.ActiveCfg = Release|Any CPU
		{9851BE2F-30DF-43CB-975E-D1F2F493B184}.Release|Any CPU.Build.0 = Release|Any CPU
		{9851BE2F-30DF-43CB-975E-D1F2F493B184}.Release|x64.ActiveCfg = Release|Any CPU
		{9851BE2F-30DF-43CB-975E-D1F2F493B184}.Release|x64.Build.0 = Release|Any CPU
		{9851BE2F-30DF-43CB-975E-D1F2F493B184}.Release|x86.ActiveCfg = Release|Any CPU
		{9851BE2F-30DF-43CB-975E-D1F2F493B184}.Release|x86.Build.0 = Release|Any CPU
		{A433B485-7821-479D-AD24-6FDC7F417C53}.Debug|Any CPU.ActiveCfg = Debug|Any CPU
		{A433B485-7821-479D-AD24-6FDC7F417C53}.Debug|Any CPU.Build.0 = Debug|Any CPU
		{A433B485-7821-479D-AD24-6FDC7F417C53}.Debug|x64.ActiveCfg = Debug|Any CPU
		{A433B485-7821-479D-AD24-6FDC7F417C53}.Debug|x64.Build.0 = Debug|Any CPU
		{A433B485-7821-479D-AD24-6FDC7F417C53}.Debug|x86.ActiveCfg = Debug|Any CPU
		{A433B485-7821-479D-AD24-6FDC7F417C53}.Debug|x86.Build.0 = Debug|Any CPU
		{A433B485-7821-479D-AD24-6FDC7F417C53}.Release|Any CPU.ActiveCfg = Release|Any CPU
		{A433B485-7821-479D-AD24-6FDC7F417C53}.Release|Any CPU.Build.0 = Release|Any CPU
		{A433B485-7821-479D-AD24-6FDC7F417C53}.Release|x64.ActiveCfg = Release|Any CPU
		{A433B485-7821-479D-AD24-6FDC7F417C53}.Release|x64.Build.0 = Release|Any CPU
		{A433B485-7821-479D-AD24-6FDC7F417C53}.Release|x86.ActiveCfg = Release|Any CPU
		{A433B485-7821-479D-AD24-6FDC7F417C53}.Release|x86.Build.0 = Release|Any CPU
		{1B676625-0C2E-477E-B901-9CEC4B31F270}.Debug|Any CPU.ActiveCfg = Debug|Any CPU
		{1B676625-0C2E-477E-B901-9CEC4B31F270}.Debug|Any CPU.Build.0 = Debug|Any CPU
		{1B676625-0C2E-477E-B901-9CEC4B31F270}.Debug|x64.ActiveCfg = Debug|Any CPU
		{1B676625-0C2E-477E-B901-9CEC4B31F270}.Debug|x64.Build.0 = Debug|Any CPU
		{1B676625-0C2E-477E-B901-9CEC4B31F270}.Debug|x86.ActiveCfg = Debug|Any CPU
		{1B676625-0C2E-477E-B901-9CEC4B31F270}.Debug|x86.Build.0 = Debug|Any CPU
		{1B676625-0C2E-477E-B901-9CEC4B31F270}.Release|Any CPU.ActiveCfg = Release|Any CPU
		{1B676625-0C2E-477E-B901-9CEC4B31F270}.Release|Any CPU.Build.0 = Release|Any CPU
		{1B676625-0C2E-477E-B901-9CEC4B31F270}.Release|x64.ActiveCfg = Release|Any CPU
		{1B676625-0C2E-477E-B901-9CEC4B31F270}.Release|x64.Build.0 = Release|Any CPU
		{1B676625-0C2E-477E-B901-9CEC4B31F270}.Release|x86.ActiveCfg = Release|Any CPU
		{1B676625-0C2E-477E-B901-9CEC4B31F270}.Release|x86.Build.0 = Release|Any CPU
		{59D2614F-3AA9-4720-9398-AB00530FC3FD}.Debug|Any CPU.ActiveCfg = Debug|Any CPU
		{59D2614F-3AA9-4720-9398-AB00530FC3FD}.Debug|Any CPU.Build.0 = Debug|Any CPU
		{59D2614F-3AA9-4720-9398-AB00530FC3FD}.Debug|x64.ActiveCfg = Debug|Any CPU
		{59D2614F-3AA9-4720-9398-AB00530FC3FD}.Debug|x64.Build.0 = Debug|Any CPU
		{59D2614F-3AA9-4720-9398-AB00530FC3FD}.Debug|x86.ActiveCfg = Debug|Any CPU
		{59D2614F-3AA9-4720-9398-AB00530FC3FD}.Debug|x86.Build.0 = Debug|Any CPU
		{59D2614F-3AA9-4720-9398-AB00530FC3FD}.Release|Any CPU.ActiveCfg = Release|Any CPU
		{59D2614F-3AA9-4720-9398-AB00530FC3FD}.Release|Any CPU.Build.0 = Release|Any CPU
		{59D2614F-3AA9-4720-9398-AB00530FC3FD}.Release|x64.ActiveCfg = Release|Any CPU
		{59D2614F-3AA9-4720-9398-AB00530FC3FD}.Release|x64.Build.0 = Release|Any CPU
		{59D2614F-3AA9-4720-9398-AB00530FC3FD}.Release|x86.ActiveCfg = Release|Any CPU
		{59D2614F-3AA9-4720-9398-AB00530FC3FD}.Release|x86.Build.0 = Release|Any CPU
		{56AB65BD-8272-4736-AF68-57F5936DEA02}.Debug|Any CPU.ActiveCfg = Debug|Any CPU
		{56AB65BD-8272-4736-AF68-57F5936DEA02}.Debug|Any CPU.Build.0 = Debug|Any CPU
		{56AB65BD-8272-4736-AF68-57F5936DEA02}.Debug|x64.ActiveCfg = Debug|Any CPU
		{56AB65BD-8272-4736-AF68-57F5936DEA02}.Debug|x64.Build.0 = Debug|Any CPU
		{56AB65BD-8272-4736-AF68-57F5936DEA02}.Debug|x86.ActiveCfg = Debug|Any CPU
		{56AB65BD-8272-4736-AF68-57F5936DEA02}.Debug|x86.Build.0 = Debug|Any CPU
		{56AB65BD-8272-4736-AF68-57F5936DEA02}.Release|Any CPU.ActiveCfg = Release|Any CPU
		{56AB65BD-8272-4736-AF68-57F5936DEA02}.Release|Any CPU.Build.0 = Release|Any CPU
		{56AB65BD-8272-4736-AF68-57F5936DEA02}.Release|x64.ActiveCfg = Release|Any CPU
		{56AB65BD-8272-4736-AF68-57F5936DEA02}.Release|x64.Build.0 = Release|Any CPU
		{56AB65BD-8272-4736-AF68-57F5936DEA02}.Release|x86.ActiveCfg = Release|Any CPU
		{56AB65BD-8272-4736-AF68-57F5936DEA02}.Release|x86.Build.0 = Release|Any CPU
		{19186D69-B237-4FB3-9795-97B2B6E53EF2}.Debug|Any CPU.ActiveCfg = Debug|Any CPU
		{19186D69-B237-4FB3-9795-97B2B6E53EF2}.Debug|Any CPU.Build.0 = Debug|Any CPU
		{19186D69-B237-4FB3-9795-97B2B6E53EF2}.Debug|x64.ActiveCfg = Debug|Any CPU
		{19186D69-B237-4FB3-9795-97B2B6E53EF2}.Debug|x64.Build.0 = Debug|Any CPU
		{19186D69-B237-4FB3-9795-97B2B6E53EF2}.Debug|x86.ActiveCfg = Debug|Any CPU
		{19186D69-B237-4FB3-9795-97B2B6E53EF2}.Debug|x86.Build.0 = Debug|Any CPU
		{19186D69-B237-4FB3-9795-97B2B6E53EF2}.Release|Any CPU.ActiveCfg = Release|Any CPU
		{19186D69-B237-4FB3-9795-97B2B6E53EF2}.Release|Any CPU.Build.0 = Release|Any CPU
		{19186D69-B237-4FB3-9795-97B2B6E53EF2}.Release|x64.ActiveCfg = Release|Any CPU
		{19186D69-B237-4FB3-9795-97B2B6E53EF2}.Release|x64.Build.0 = Release|Any CPU
		{19186D69-B237-4FB3-9795-97B2B6E53EF2}.Release|x86.ActiveCfg = Release|Any CPU
		{19186D69-B237-4FB3-9795-97B2B6E53EF2}.Release|x86.Build.0 = Release|Any CPU
		{34EEA758-EF6F-491B-9A79-2D362FC99DEA}.Debug|Any CPU.ActiveCfg = Debug|Any CPU
		{34EEA758-EF6F-491B-9A79-2D362FC99DEA}.Debug|Any CPU.Build.0 = Debug|Any CPU
		{34EEA758-EF6F-491B-9A79-2D362FC99DEA}.Debug|x64.ActiveCfg = Debug|Any CPU
		{34EEA758-EF6F-491B-9A79-2D362FC99DEA}.Debug|x64.Build.0 = Debug|Any CPU
		{34EEA758-EF6F-491B-9A79-2D362FC99DEA}.Debug|x86.ActiveCfg = Debug|Any CPU
		{34EEA758-EF6F-491B-9A79-2D362FC99DEA}.Debug|x86.Build.0 = Debug|Any CPU
		{34EEA758-EF6F-491B-9A79-2D362FC99DEA}.Release|Any CPU.ActiveCfg = Release|Any CPU
		{34EEA758-EF6F-491B-9A79-2D362FC99DEA}.Release|Any CPU.Build.0 = Release|Any CPU
		{34EEA758-EF6F-491B-9A79-2D362FC99DEA}.Release|x64.ActiveCfg = Release|Any CPU
		{34EEA758-EF6F-491B-9A79-2D362FC99DEA}.Release|x64.Build.0 = Release|Any CPU
		{34EEA758-EF6F-491B-9A79-2D362FC99DEA}.Release|x86.ActiveCfg = Release|Any CPU
		{34EEA758-EF6F-491B-9A79-2D362FC99DEA}.Release|x86.Build.0 = Release|Any CPU
		{08E6727A-21E2-4FAA-BAC7-0656842B4D4D}.Debug|Any CPU.ActiveCfg = Debug|Any CPU
		{08E6727A-21E2-4FAA-BAC7-0656842B4D4D}.Debug|Any CPU.Build.0 = Debug|Any CPU
		{08E6727A-21E2-4FAA-BAC7-0656842B4D4D}.Debug|x64.ActiveCfg = Debug|Any CPU
		{08E6727A-21E2-4FAA-BAC7-0656842B4D4D}.Debug|x64.Build.0 = Debug|Any CPU
		{08E6727A-21E2-4FAA-BAC7-0656842B4D4D}.Debug|x86.ActiveCfg = Debug|Any CPU
		{08E6727A-21E2-4FAA-BAC7-0656842B4D4D}.Debug|x86.Build.0 = Debug|Any CPU
		{08E6727A-21E2-4FAA-BAC7-0656842B4D4D}.Release|Any CPU.ActiveCfg = Release|Any CPU
		{08E6727A-21E2-4FAA-BAC7-0656842B4D4D}.Release|Any CPU.Build.0 = Release|Any CPU
		{08E6727A-21E2-4FAA-BAC7-0656842B4D4D}.Release|x64.ActiveCfg = Release|Any CPU
		{08E6727A-21E2-4FAA-BAC7-0656842B4D4D}.Release|x64.Build.0 = Release|Any CPU
		{08E6727A-21E2-4FAA-BAC7-0656842B4D4D}.Release|x86.ActiveCfg = Release|Any CPU
		{08E6727A-21E2-4FAA-BAC7-0656842B4D4D}.Release|x86.Build.0 = Release|Any CPU
		{2F398481-5CE3-4D0E-9254-CF58308A8B0C}.Debug|Any CPU.ActiveCfg = Debug|Any CPU
		{2F398481-5CE3-4D0E-9254-CF58308A8B0C}.Debug|Any CPU.Build.0 = Debug|Any CPU
		{2F398481-5CE3-4D0E-9254-CF58308A8B0C}.Debug|x64.ActiveCfg = Debug|Any CPU
		{2F398481-5CE3-4D0E-9254-CF58308A8B0C}.Debug|x64.Build.0 = Debug|Any CPU
		{2F398481-5CE3-4D0E-9254-CF58308A8B0C}.Debug|x86.ActiveCfg = Debug|Any CPU
		{2F398481-5CE3-4D0E-9254-CF58308A8B0C}.Debug|x86.Build.0 = Debug|Any CPU
		{2F398481-5CE3-4D0E-9254-CF58308A8B0C}.Release|Any CPU.ActiveCfg = Release|Any CPU
		{2F398481-5CE3-4D0E-9254-CF58308A8B0C}.Release|Any CPU.Build.0 = Release|Any CPU
		{2F398481-5CE3-4D0E-9254-CF58308A8B0C}.Release|x64.ActiveCfg = Release|Any CPU
		{2F398481-5CE3-4D0E-9254-CF58308A8B0C}.Release|x64.Build.0 = Release|Any CPU
		{2F398481-5CE3-4D0E-9254-CF58308A8B0C}.Release|x86.ActiveCfg = Release|Any CPU
		{2F398481-5CE3-4D0E-9254-CF58308A8B0C}.Release|x86.Build.0 = Release|Any CPU
		{20372F96-246A-4258-B331-9EBAD101BAD5}.Debug|Any CPU.ActiveCfg = Debug|Any CPU
		{20372F96-246A-4258-B331-9EBAD101BAD5}.Debug|Any CPU.Build.0 = Debug|Any CPU
		{20372F96-246A-4258-B331-9EBAD101BAD5}.Debug|x64.ActiveCfg = Debug|Any CPU
		{20372F96-246A-4258-B331-9EBAD101BAD5}.Debug|x64.Build.0 = Debug|Any CPU
		{20372F96-246A-4258-B331-9EBAD101BAD5}.Debug|x86.ActiveCfg = Debug|Any CPU
		{20372F96-246A-4258-B331-9EBAD101BAD5}.Debug|x86.Build.0 = Debug|Any CPU
		{20372F96-246A-4258-B331-9EBAD101BAD5}.Release|Any CPU.ActiveCfg = Release|Any CPU
		{20372F96-246A-4258-B331-9EBAD101BAD5}.Release|Any CPU.Build.0 = Release|Any CPU
		{20372F96-246A-4258-B331-9EBAD101BAD5}.Release|x64.ActiveCfg = Release|Any CPU
		{20372F96-246A-4258-B331-9EBAD101BAD5}.Release|x64.Build.0 = Release|Any CPU
		{20372F96-246A-4258-B331-9EBAD101BAD5}.Release|x86.ActiveCfg = Release|Any CPU
		{20372F96-246A-4258-B331-9EBAD101BAD5}.Release|x86.Build.0 = Release|Any CPU
		{E3A33A61-5213-48DC-9CB4-EB09C3FD1603}.Debug|Any CPU.ActiveCfg = Debug|Any CPU
		{E3A33A61-5213-48DC-9CB4-EB09C3FD1603}.Debug|Any CPU.Build.0 = Debug|Any CPU
		{E3A33A61-5213-48DC-9CB4-EB09C3FD1603}.Debug|x64.ActiveCfg = Debug|Any CPU
		{E3A33A61-5213-48DC-9CB4-EB09C3FD1603}.Debug|x64.Build.0 = Debug|Any CPU
		{E3A33A61-5213-48DC-9CB4-EB09C3FD1603}.Debug|x86.ActiveCfg = Debug|Any CPU
		{E3A33A61-5213-48DC-9CB4-EB09C3FD1603}.Debug|x86.Build.0 = Debug|Any CPU
		{E3A33A61-5213-48DC-9CB4-EB09C3FD1603}.Release|Any CPU.ActiveCfg = Release|Any CPU
		{E3A33A61-5213-48DC-9CB4-EB09C3FD1603}.Release|Any CPU.Build.0 = Release|Any CPU
		{E3A33A61-5213-48DC-9CB4-EB09C3FD1603}.Release|x64.ActiveCfg = Release|Any CPU
		{E3A33A61-5213-48DC-9CB4-EB09C3FD1603}.Release|x64.Build.0 = Release|Any CPU
		{E3A33A61-5213-48DC-9CB4-EB09C3FD1603}.Release|x86.ActiveCfg = Release|Any CPU
		{E3A33A61-5213-48DC-9CB4-EB09C3FD1603}.Release|x86.Build.0 = Release|Any CPU
		{C177B487-0878-400D-886E-6D63244A74BA}.Debug|Any CPU.ActiveCfg = Debug|Any CPU
		{C177B487-0878-400D-886E-6D63244A74BA}.Debug|Any CPU.Build.0 = Debug|Any CPU
		{C177B487-0878-400D-886E-6D63244A74BA}.Debug|x64.ActiveCfg = Debug|Any CPU
		{C177B487-0878-400D-886E-6D63244A74BA}.Debug|x64.Build.0 = Debug|Any CPU
		{C177B487-0878-400D-886E-6D63244A74BA}.Debug|x86.ActiveCfg = Debug|Any CPU
		{C177B487-0878-400D-886E-6D63244A74BA}.Debug|x86.Build.0 = Debug|Any CPU
		{C177B487-0878-400D-886E-6D63244A74BA}.Release|Any CPU.ActiveCfg = Release|Any CPU
		{C177B487-0878-400D-886E-6D63244A74BA}.Release|Any CPU.Build.0 = Release|Any CPU
		{C177B487-0878-400D-886E-6D63244A74BA}.Release|x64.ActiveCfg = Release|Any CPU
		{C177B487-0878-400D-886E-6D63244A74BA}.Release|x64.Build.0 = Release|Any CPU
		{C177B487-0878-400D-886E-6D63244A74BA}.Release|x86.ActiveCfg = Release|Any CPU
		{C177B487-0878-400D-886E-6D63244A74BA}.Release|x86.Build.0 = Release|Any CPU
	EndGlobalSection
	GlobalSection(SolutionProperties) = preSolution
		HideSolutionNode = FALSE
	EndGlobalSection
EndGlobal
