
Microsoft Visual Studio Solution File, Format Version 12.00
# Visual Studio Version 17
VisualStudioVersion = 17.0.31903.59
MinimumVisualStudioVersion = 10.0.40219.1
Project("{FAE04EC0-301F-11D3-BF4B-00C04F79EFBC}") = "Bugget.Api", "Bugget.Api\Bugget.Api.csproj", "{28D49ECA-FA24-420D-878A-D7C3E9E095A2}"
EndProject
Project("{FAE04EC0-301F-11D3-BF4B-00C04F79EFBC}") = "Bugget.Application", "Bugget.Application\Bugget.Application.csproj", "{B9C8F029-3B77-453D-927A-C5457A41CB9E}"
EndProject
Project("{FAE04EC0-301F-11D3-BF4B-00C04F79EFBC}") = "Bugget.Contracts", "Bugget.Contracts\Bugget.Contracts.csproj", "{553A306C-DA08-4A3F-9E96-87E506FABF4B}"
EndProject
Project("{FAE04EC0-301F-11D3-BF4B-00C04F79EFBC}") = "Bugget.Domain", "Bugget.Domain\Bugget.Domain.csproj", "{313BB53C-89E9-4B04-8D9A-D1F6F9A65C1F}"
EndProject
Project("{FAE04EC0-301F-11D3-BF4B-00C04F79EFBC}") = "Bugget.Infrastructure", "Bugget.Infrastructure\Bugget.Infrastructure.csproj", "{2EF1765A-D3F0-479E-84D1-A8BADFAB5504}"
EndProject
Project("{FAE04EC0-301F-11D3-BF4B-00C04F79EFBC}") = "Bugget.Architecture.Tests", "Bugget.Architecture.Tests\Bugget.Architecture.Tests.csproj", "{8BF95839-0C14-4124-9736-92E866EC3712}"
EndProject
Project("{FAE04EC0-301F-11D3-BF4B-00C04F79EFBC}") = "Bugget.IntegrationTests", "Bugget.IntegrationTests\Bugget.IntegrationTests.csproj", "{BC060CCD-82EF-47BA-A7A4-81F4C780FD95}"
EndProject
Project("{FAE04EC0-301F-11D3-BF4B-00C04F79EFBC}") = "Bugget.UnitTests", "Bugget.UnitTests\Bugget.UnitTests.csproj", "{16A7BD65-2A4F-4BAB-BB7B-19FE0BE2153D}"
EndProject
Global
	GlobalSection(SolutionConfigurationPlatforms) = preSolution
		Debug|Any CPU = Debug|Any CPU
		Debug|x64 = Debug|x64
		Debug|x86 = Debug|x86
		Release|Any CPU = Release|Any CPU
		Release|x64 = Release|x64
		Release|x86 = Release|x86
	EndGlobalSection
	GlobalSection(ProjectConfigurationPlatforms) = postSolution
		{28D49ECA-FA24-420D-878A-D7C3E9E095A2}.Debug|Any CPU.ActiveCfg = Debug|Any CPU
		{28D49ECA-FA24-420D-878A-D7C3E9E095A2}.Debug|Any CPU.Build.0 = Debug|Any CPU
		{28D49ECA-FA24-420D-878A-D7C3E9E095A2}.Debug|x64.ActiveCfg = Debug|Any CPU
		{28D49ECA-FA24-420D-878A-D7C3E9E095A2}.Debug|x64.Build.0 = Debug|Any CPU
		{28D49ECA-FA24-420D-878A-D7C3E9E095A2}.Debug|x86.ActiveCfg = Debug|Any CPU
		{28D49ECA-FA24-420D-878A-D7C3E9E095A2}.Debug|x86.Build.0 = Debug|Any CPU
		{28D49ECA-FA24-420D-878A-D7C3E9E095A2}.Release|Any CPU.ActiveCfg = Release|Any CPU
		{28D49ECA-FA24-420D-878A-D7C3E9E095A2}.Release|Any CPU.Build.0 = Release|Any CPU
		{28D49ECA-FA24-420D-878A-D7C3E9E095A2}.Release|x64.ActiveCfg = Release|Any CPU
		{28D49ECA-FA24-420D-878A-D7C3E9E095A2}.Release|x64.Build.0 = Release|Any CPU
		{28D49ECA-FA24-420D-878A-D7C3E9E095A2}.Release|x86.ActiveCfg = Release|Any CPU
		{28D49ECA-FA24-420D-878A-D7C3E9E095A2}.Release|x86.Build.0 = Release|Any CPU
		{B9C8F029-3B77-453D-927A-C5457A41CB9E}.Debug|Any CPU.ActiveCfg = Debug|Any CPU
		{B9C8F029-3B77-453D-927A-C5457A41CB9E}.Debug|Any CPU.Build.0 = Debug|Any CPU
		{B9C8F029-3B77-453D-927A-C5457A41CB9E}.Debug|x64.ActiveCfg = Debug|Any CPU
		{B9C8F029-3B77-453D-927A-C5457A41CB9E}.Debug|x64.Build.0 = Debug|Any CPU
		{B9C8F029-3B77-453D-927A-C5457A41CB9E}.Debug|x86.ActiveCfg = Debug|Any CPU
		{B9C8F029-3B77-453D-927A-C5457A41CB9E}.Debug|x86.Build.0 = Debug|Any CPU
		{B9C8F029-3B77-453D-927A-C5457A41CB9E}.Release|Any CPU.ActiveCfg = Release|Any CPU
		{B9C8F029-3B77-453D-927A-C5457A41CB9E}.Release|Any CPU.Build.0 = Release|Any CPU
		{B9C8F029-3B77-453D-927A-C5457A41CB9E}.Release|x64.ActiveCfg = Release|Any CPU
		{B9C8F029-3B77-453D-927A-C5457A41CB9E}.Release|x64.Build.0 = Release|Any CPU
		{B9C8F029-3B77-453D-927A-C5457A41CB9E}.Release|x86.ActiveCfg = Release|Any CPU
		{B9C8F029-3B77-453D-927A-C5457A41CB9E}.Release|x86.Build.0 = Release|Any CPU
		{553A306C-DA08-4A3F-9E96-87E506FABF4B}.Debug|Any CPU.ActiveCfg = Debug|Any CPU
		{553A306C-DA08-4A3F-9E96-87E506FABF4B}.Debug|Any CPU.Build.0 = Debug|Any CPU
		{553A306C-DA08-4A3F-9E96-87E506FABF4B}.Debug|x64.ActiveCfg = Debug|Any CPU
		{553A306C-DA08-4A3F-9E96-87E506FABF4B}.Debug|x64.Build.0 = Debug|Any CPU
		{553A306C-DA08-4A3F-9E96-87E506FABF4B}.Debug|x86.ActiveCfg = Debug|Any CPU
		{553A306C-DA08-4A3F-9E96-87E506FABF4B}.Debug|x86.Build.0 = Debug|Any CPU
		{553A306C-DA08-4A3F-9E96-87E506FABF4B}.Release|Any CPU.ActiveCfg = Release|Any CPU
		{553A306C-DA08-4A3F-9E96-87E506FABF4B}.Release|Any CPU.Build.0 = Release|Any CPU
		{553A306C-DA08-4A3F-9E96-87E506FABF4B}.Release|x64.ActiveCfg = Release|Any CPU
		{553A306C-DA08-4A3F-9E96-87E506FABF4B}.Release|x64.Build.0 = Release|Any CPU
		{553A306C-DA08-4A3F-9E96-87E506FABF4B}.Release|x86.ActiveCfg = Release|Any CPU
		{553A306C-DA08-4A3F-9E96-87E506FABF4B}.Release|x86.Build.0 = Release|Any CPU
		{313BB53C-89E9-4B04-8D9A-D1F6F9A65C1F}.Debug|Any CPU.ActiveCfg = Debug|Any CPU
		{313BB53C-89E9-4B04-8D9A-D1F6F9A65C1F}.Debug|Any CPU.Build.0 = Debug|Any CPU
		{313BB53C-89E9-4B04-8D9A-D1F6F9A65C1F}.Debug|x64.ActiveCfg = Debug|Any CPU
		{313BB53C-89E9-4B04-8D9A-D1F6F9A65C1F}.Debug|x64.Build.0 = Debug|Any CPU
		{313BB53C-89E9-4B04-8D9A-D1F6F9A65C1F}.Debug|x86.ActiveCfg = Debug|Any CPU
		{313BB53C-89E9-4B04-8D9A-D1F6F9A65C1F}.Debug|x86.Build.0 = Debug|Any CPU
		{313BB53C-89E9-4B04-8D9A-D1F6F9A65C1F}.Release|Any CPU.ActiveCfg = Release|Any CPU
		{313BB53C-89E9-4B04-8D9A-D1F6F9A65C1F}.Release|Any CPU.Build.0 = Release|Any CPU
		{313BB53C-89E9-4B04-8D9A-D1F6F9A65C1F}.Release|x64.ActiveCfg = Release|Any CPU
		{313BB53C-89E9-4B04-8D9A-D1F6F9A65C1F}.Release|x64.Build.0 = Release|Any CPU
		{313BB53C-89E9-4B04-8D9A-D1F6F9A65C1F}.Release|x86.ActiveCfg = Release|Any CPU
		{313BB53C-89E9-4B04-8D9A-D1F6F9A65C1F}.Release|x86.Build.0 = Release|Any CPU
		{2EF1765A-D3F0-479E-84D1-A8BADFAB5504}.Debug|Any CPU.ActiveCfg = Debug|Any CPU
		{2EF1765A-D3F0-479E-84D1-A8BADFAB5504}.Debug|Any CPU.Build.0 = Debug|Any CPU
		{2EF1765A-D3F0-479E-84D1-A8BADFAB5504}.Debug|x64.ActiveCfg = Debug|Any CPU
		{2EF1765A-D3F0-479E-84D1-A8BADFAB5504}.Debug|x64.Build.0 = Debug|Any CPU
		{2EF1765A-D3F0-479E-84D1-A8BADFAB5504}.Debug|x86.ActiveCfg = Debug|Any CPU
		{2EF1765A-D3F0-479E-84D1-A8BADFAB5504}.Debug|x86.Build.0 = Debug|Any CPU
		{2EF1765A-D3F0-479E-84D1-A8BADFAB5504}.Release|Any CPU.ActiveCfg = Release|Any CPU
		{2EF1765A-D3F0-479E-84D1-A8BADFAB5504}.Release|Any CPU.Build.0 = Release|Any CPU
		{2EF1765A-D3F0-479E-84D1-A8BADFAB5504}.Release|x64.ActiveCfg = Release|Any CPU
		{2EF1765A-D3F0-479E-84D1-A8BADFAB5504}.Release|x64.Build.0 = Release|Any CPU
		{2EF1765A-D3F0-479E-84D1-A8BADFAB5504}.Release|x86.ActiveCfg = Release|Any CPU
		{2EF1765A-D3F0-479E-84D1-A8BADFAB5504}.Release|x86.Build.0 = Release|Any CPU
		{8BF95839-0C14-4124-9736-92E866EC3712}.Debug|Any CPU.ActiveCfg = Debug|Any CPU
		{8BF95839-0C14-4124-9736-92E866EC3712}.Debug|Any CPU.Build.0 = Debug|Any CPU
		{8BF95839-0C14-4124-9736-92E866EC3712}.Debug|x64.ActiveCfg = Debug|Any CPU
		{8BF95839-0C14-4124-9736-92E866EC3712}.Debug|x64.Build.0 = Debug|Any CPU
		{8BF95839-0C14-4124-9736-92E866EC3712}.Debug|x86.ActiveCfg = Debug|Any CPU
		{8BF95839-0C14-4124-9736-92E866EC3712}.Debug|x86.Build.0 = Debug|Any CPU
		{8BF95839-0C14-4124-9736-92E866EC3712}.Release|Any CPU.ActiveCfg = Release|Any CPU
		{8BF95839-0C14-4124-9736-92E866EC3712}.Release|Any CPU.Build.0 = Release|Any CPU
		{8BF95839-0C14-4124-9736-92E866EC3712}.Release|x64.ActiveCfg = Release|Any CPU
		{8BF95839-0C14-4124-9736-92E866EC3712}.Release|x64.Build.0 = Release|Any CPU
		{8BF95839-0C14-4124-9736-92E866EC3712}.Release|x86.ActiveCfg = Release|Any CPU
		{8BF95839-0C14-4124-9736-92E866EC3712}.Release|x86.Build.0 = Release|Any CPU
		{BC060CCD-82EF-47BA-A7A4-81F4C780FD95}.Debug|Any CPU.ActiveCfg = Debug|Any CPU
		{BC060CCD-82EF-47BA-A7A4-81F4C780FD95}.Debug|Any CPU.Build.0 = Debug|Any CPU
		{BC060CCD-82EF-47BA-A7A4-81F4C780FD95}.Debug|x64.ActiveCfg = Debug|Any CPU
		{BC060CCD-82EF-47BA-A7A4-81F4C780FD95}.Debug|x64.Build.0 = Debug|Any CPU
		{BC060CCD-82EF-47BA-A7A4-81F4C780FD95}.Debug|x86.ActiveCfg = Debug|Any CPU
		{BC060CCD-82EF-47BA-A7A4-81F4C780FD95}.Debug|x86.Build.0 = Debug|Any CPU
		{BC060CCD-82EF-47BA-A7A4-81F4C780FD95}.Release|Any CPU.ActiveCfg = Release|Any CPU
		{BC060CCD-82EF-47BA-A7A4-81F4C780FD95}.Release|Any CPU.Build.0 = Release|Any CPU
		{BC060CCD-82EF-47BA-A7A4-81F4C780FD95}.Release|x64.ActiveCfg = Release|Any CPU
		{BC060CCD-82EF-47BA-A7A4-81F4C780FD95}.Release|x64.Build.0 = Release|Any CPU
		{BC060CCD-82EF-47BA-A7A4-81F4C780FD95}.Release|x86.ActiveCfg = Release|Any CPU
		{BC060CCD-82EF-47BA-A7A4-81F4C780FD95}.Release|x86.Build.0 = Release|Any CPU
		{16A7BD65-2A4F-4BAB-BB7B-19FE0BE2153D}.Debug|Any CPU.ActiveCfg = Debug|Any CPU
		{16A7BD65-2A4F-4BAB-BB7B-19FE0BE2153D}.Debug|Any CPU.Build.0 = Debug|Any CPU
		{16A7BD65-2A4F-4BAB-BB7B-19FE0BE2153D}.Debug|x64.ActiveCfg = Debug|Any CPU
		{16A7BD65-2A4F-4BAB-BB7B-19FE0BE2153D}.Debug|x64.Build.0 = Debug|Any CPU
		{16A7BD65-2A4F-4BAB-BB7B-19FE0BE2153D}.Debug|x86.ActiveCfg = Debug|Any CPU
		{16A7BD65-2A4F-4BAB-BB7B-19FE0BE2153D}.Debug|x86.Build.0 = Debug|Any CPU
		{16A7BD65-2A4F-4BAB-BB7B-19FE0BE2153D}.Release|Any CPU.ActiveCfg = Release|Any CPU
		{16A7BD65-2A4F-4BAB-BB7B-19FE0BE2153D}.Release|Any CPU.Build.0 = Release|Any CPU
		{16A7BD65-2A4F-4BAB-BB7B-19FE0BE2153D}.Release|x64.ActiveCfg = Release|Any CPU
		{16A7BD65-2A4F-4BAB-BB7B-19FE0BE2153D}.Release|x64.Build.0 = Release|Any CPU
		{16A7BD65-2A4F-4BAB-BB7B-19FE0BE2153D}.Release|x86.ActiveCfg = Release|Any CPU
		{16A7BD65-2A4F-4BAB-BB7B-19FE0BE2153D}.Release|x86.Build.0 = Release|Any CPU
	EndGlobalSection
	GlobalSection(SolutionProperties) = preSolution
		HideSolutionNode = FALSE
	EndGlobalSection
EndGlobal
